
Microsoft Visual Studio Solution File, Format Version 12.00
# Visual Studio Version 17
VisualStudioVersion = 17.5.002.0
MinimumVisualStudioVersion = 10.0.40219.1
Project("{9A19103F-16F7-4668-BE54-9A1E7A4F7556}") = "myfinance-web-dotnet", "myfinance-web-dotnet\myfinance-web-dotnet.csproj", "{44FF34DE-3362-46E6-9F62-8A603D252D9E}"
EndProject
Project("{9A19103F-16F7-4668-BE54-9A1E7A4F7556}") = "myfinance-web-dotnet-domain", "myfinance-web-dotnet-domain\myfinance-web-dotnet-domain.csproj", "{16AE9130-E83D-4E3C-8FF0-670DC7EE10BA}"
EndProject
Project("{9A19103F-16F7-4668-BE54-9A1E7A4F7556}") = "myfinance-web-dotnet-infra", "myfinance-web-dotnet-infra\myfinance-web-dotnet-infra.csproj", "{16423524-0806-4808-90A5-58199DD57EB1}"
EndProject
Project("{9A19103F-16F7-4668-BE54-9A1E7A4F7556}") = "myfinance-web-dotnet-service", "myfinance-web-dotnet-service\myfinance-web-dotnet-service.csproj", "{945E69BF-46C4-4506-8490-341C47CD96FF}"
EndProject
Global
	GlobalSection(SolutionConfigurationPlatforms) = preSolution
		Debug|Any CPU = Debug|Any CPU
		Release|Any CPU = Release|Any CPU
	EndGlobalSection
	GlobalSection(ProjectConfigurationPlatforms) = postSolution
		{44FF34DE-3362-46E6-9F62-8A603D252D9E}.Debug|Any CPU.ActiveCfg = Debug|Any CPU
		{44FF34DE-3362-46E6-9F62-8A603D252D9E}.Debug|Any CPU.Build.0 = Debug|Any CPU
		{44FF34DE-3362-46E6-9F62-8A603D252D9E}.Release|Any CPU.ActiveCfg = Release|Any CPU
		{44FF34DE-3362-46E6-9F62-8A603D252D9E}.Release|Any CPU.Build.0 = Release|Any CPU
		{16AE9130-E83D-4E3C-8FF0-670DC7EE10BA}.Debug|Any CPU.ActiveCfg = Debug|Any CPU
		{16AE9130-E83D-4E3C-8FF0-670DC7EE10BA}.Debug|Any CPU.Build.0 = Debug|Any CPU
		{16AE9130-E83D-4E3C-8FF0-670DC7EE10BA}.Release|Any CPU.ActiveCfg = Release|Any CPU
		{16AE9130-E83D-4E3C-8FF0-670DC7EE10BA}.Release|Any CPU.Build.0 = Release|Any CPU
		{16423524-0806-4808-90A5-58199DD57EB1}.Debug|Any CPU.ActiveCfg = Debug|Any CPU
		{16423524-0806-4808-90A5-58199DD57EB1}.Debug|Any CPU.Build.0 = Debug|Any CPU
		{16423524-0806-4808-90A5-58199DD57EB1}.Release|Any CPU.ActiveCfg = Release|Any CPU
		{16423524-0806-4808-90A5-58199DD57EB1}.Release|Any CPU.Build.0 = Release|Any CPU
		{945E69BF-46C4-4506-8490-341C47CD96FF}.Debug|Any CPU.ActiveCfg = Debug|Any CPU
		{945E69BF-46C4-4506-8490-341C47CD96FF}.Debug|Any CPU.Build.0 = Debug|Any CPU
		{945E69BF-46C4-4506-8490-341C47CD96FF}.Release|Any CPU.ActiveCfg = Release|Any CPU
		{945E69BF-46C4-4506-8490-341C47CD96FF}.Release|Any CPU.Build.0 = Release|Any CPU
	EndGlobalSection
	GlobalSection(SolutionProperties) = preSolution
		HideSolutionNode = FALSE
	EndGlobalSection
	GlobalSection(ExtensibilityGlobals) = postSolution
		SolutionGuid = {0678D3B9-FA43-4950-8B62-12987EE1D0CF}
	EndGlobalSection
EndGlobal
